Microsoft Visual Studio Solution File, Format Version 12.00
# Visual Studio 14
VisualStudioVersion = 14.0.25420.1
MinimumVisualStudioVersion = 10.0.40219.1
Project("{2150E333-8FDC-42A3-9474-1A3956D46DE8}") = "01.Presentation-Layer", "01.Presentation-Layer", "{BBEBB318-498C-4C89-958C-025D95421340}"
EndProject
Project("{FAE04EC0-301F-11D3-BF4B-00C04F79EFBC}") = "WebApp", "WebApp\WebApp.csproj", "{F94D8685-33EC-4FCF-A3CA-60CC3D43C022}"
EndProject
Project("{2150E333-8FDC-42A3-9474-1A3956D46DE8}") = "02.DistributedServices-Layer", "02.DistributedServices-Layer", "{4D0CBC73-132A-43EA-A21E-7ECC866050C7}"
EndProject
Project("{FAE04EC0-301F-11D3-BF4B-00C04F79EFBC}") = "DistributedServices", "DistributedServices\DistributedServices.csproj", "{D87C9A01-EF05-459F-9C61-C9E4E394A2C1}"
EndProject
Project("{2150E333-8FDC-42A3-9474-1A3956D46DE8}") = "03.ApplicationLayer", "03.ApplicationLayer", "{1F86C6A9-22D7-406F-88C9-C435A398AA78}"
EndProject
Project("{FAE04EC0-301F-11D3-BF4B-00C04F79EFBC}") = "ApplicationServices", "ApplicationServices\ApplicationServices.csproj", "{B88C8141-F993-4114-BB8A-A40F8E716059}"
EndProject
Project("{FAE04EC0-301F-11D3-BF4B-00C04F79EFBC}") = "ApplicationServices.Tests", "ApplicationServices.Tests\ApplicationServices.Tests.csproj", "{682357EC-6A68-4069-A9C3-A158939355B2}"
EndProject
Project("{2150E333-8FDC-42A3-9474-1A3956D46DE8}") = "04.Domain-Layer", "04.Domain-Layer", "{912FC5CE-4ADE-4614-93A3-6ECA704ACE15}"
EndProject
Project("{FAE04EC0-301F-11D3-BF4B-00C04F79EFBC}") = "DomainModules", "DomainModules\DomainModules.csproj", "{BE0E55F5-327A-4B7D-B9CF-3BC8CE03EEE2}"
EndProject
Project("{FAE04EC0-301F-11D3-BF4B-00C04F79EFBC}") = "DomainModules.Tests", "DomainModules.Tests\DomainModules.Tests.csproj", "{BEA02793-80EA-4BAC-927A-EC822E5ED4EC}"
EndProject
Project("{2150E333-8FDC-42A3-9474-1A3956D46DE8}") = "05.Infrastructure-Layer", "05.Infrastructure-Layer", "{1474276D-213B-4A57-BF78-33C0126491EC}"
EndProject
Project("{FAE04EC0-301F-11D3-BF4B-00C04F79EFBC}") = "DataAccessModules", "DataAccessModules\DataAccessModules.csproj", "{8E4CAB11-C68D-4472-BD69-EFDA95E9327F}"
EndProject
Project("{FAE04EC0-301F-11D3-BF4B-00C04F79EFBC}") = "DataAccessModules.Tests", "DataAccessModules.Tests\DataAccessModules.Tests.csproj", "{CF2A324F-8531-4670-ABA6-9E03781A27DC}"
EndProject
Project("{2150E333-8FDC-42A3-9474-1A3956D46DE8}") = "00.Domain-Modeling", "00.Domain-Modeling", "{0B046209-E6EA-400A-A15F-7CDCE7125553}"
EndProject
Project("{FAE04EC0-301F-11D3-BF4B-00C04F79EFBC}") = "DomainModeling", "DomainModeling\DomainModeling.csproj", "{1ED96099-BF12-4F22-BEFE-198D96B3D48B}"
EndProject
Global
	GlobalSection(SolutionConfigurationPlatforms) = preSolution
		Debug|Any CPU = Debug|Any CPU
		Debug|ARM = Debug|ARM
		Debug|x86 = Debug|x86
		Pro-Es|Any CPU = Pro-Es|Any CPU
		Pro-Es|ARM = Pro-Es|ARM
		Pro-Es|x86 = Pro-Es|x86
		Release|Any CPU = Release|Any CPU
		Release|ARM = Release|ARM
		Release|x86 = Release|x86
	EndGlobalSection
	GlobalSection(ProjectConfigurationPlatforms) = postSolution
		{F94D8685-33EC-4FCF-A3CA-60CC3D43C022}.Debug|Any CPU.ActiveCfg = Debug|Any CPU
		{F94D8685-33EC-4FCF-A3CA-60CC3D43C022}.Debug|Any CPU.Build.0 = Debug|Any CPU
		{F94D8685-33EC-4FCF-A3CA-60CC3D43C022}.Debug|ARM.ActiveCfg = Debug|Any CPU
		{F94D8685-33EC-4FCF-A3CA-60CC3D43C022}.Debug|ARM.Build.0 = Debug|Any CPU
		{F94D8685-33EC-4FCF-A3CA-60CC3D43C022}.Debug|x86.ActiveCfg = Debug|Any CPU
		{F94D8685-33EC-4FCF-A3CA-60CC3D43C022}.Debug|x86.Build.0 = Debug|Any CPU
		{F94D8685-33EC-4FCF-A3CA-60CC3D43C022}.Pro-Es|Any CPU.ActiveCfg = Release|Any CPU
		{F94D8685-33EC-4FCF-A3CA-60CC3D43C022}.Pro-Es|Any CPU.Build.0 = Release|Any CPU
		{F94D8685-33EC-4FCF-A3CA-60CC3D43C022}.Pro-Es|ARM.ActiveCfg = Release|Any CPU
		{F94D8685-33EC-4FCF-A3CA-60CC3D43C022}.Pro-Es|ARM.Build.0 = Release|Any CPU
		{F94D8685-33EC-4FCF-A3CA-60CC3D43C022}.Pro-Es|x86.ActiveCfg = Release|Any CPU
		{F94D8685-33EC-4FCF-A3CA-60CC3D43C022}.Pro-Es|x86.Build.0 = Release|Any CPU
		{F94D8685-33EC-4FCF-A3CA-60CC3D43C022}.Release|Any CPU.ActiveCfg = Release|Any CPU
		{F94D8685-33EC-4FCF-A3CA-60CC3D43C022}.Release|Any CPU.Build.0 = Release|Any CPU
		{F94D8685-33EC-4FCF-A3CA-60CC3D43C022}.Release|ARM.ActiveCfg = Release|Any CPU
		{F94D8685-33EC-4FCF-A3CA-60CC3D43C022}.Release|ARM.Build.0 = Release|Any CPU
		{F94D8685-33EC-4FCF-A3CA-60CC3D43C022}.Release|x86.ActiveCfg = Release|Any CPU
		{F94D8685-33EC-4FCF-A3CA-60CC3D43C022}.Release|x86.Build.0 = Release|Any CPU
		{D87C9A01-EF05-459F-9C61-C9E4E394A2C1}.Debug|Any CPU.ActiveCfg = Debug|Any CPU
		{D87C9A01-EF05-459F-9C61-C9E4E394A2C1}.Debug|Any CPU.Build.0 = Debug|Any CPU
		{D87C9A01-EF05-459F-9C61-C9E4E394A2C1}.Debug|ARM.ActiveCfg = Debug|Any CPU
		{D87C9A01-EF05-459F-9C61-C9E4E394A2C1}.Debug|ARM.Build.0 = Debug|Any CPU
		{D87C9A01-EF05-459F-9C61-C9E4E394A2C1}.Debug|x86.ActiveCfg = Debug|Any CPU
		{D87C9A01-EF05-459F-9C61-C9E4E394A2C1}.Debug|x86.Build.0 = Debug|Any CPU
		{D87C9A01-EF05-459F-9C61-C9E4E394A2C1}.Pro-Es|Any CPU.ActiveCfg = Release|Any CPU
		{D87C9A01-EF05-459F-9C61-C9E4E394A2C1}.Pro-Es|Any CPU.Build.0 = Release|Any CPU
		{D87C9A01-EF05-459F-9C61-C9E4E394A2C1}.Pro-Es|ARM.ActiveCfg = Release|Any CPU
		{D87C9A01-EF05-459F-9C61-C9E4E394A2C1}.Pro-Es|ARM.Build.0 = Release|Any CPU
		{D87C9A01-EF05-459F-9C61-C9E4E394A2C1}.Pro-Es|x86.ActiveCfg = Release|Any CPU
		{D87C9A01-EF05-459F-9C61-C9E4E394A2C1}.Pro-Es|x86.Build.0 = Release|Any CPU
		{D87C9A01-EF05-459F-9C61-C9E4E394A2C1}.Release|Any CPU.ActiveCfg = Release|Any CPU
		{D87C9A01-EF05-459F-9C61-C9E4E394A2C1}.Release|Any CPU.Build.0 = Release|Any CPU
		{D87C9A01-EF05-459F-9C61-C9E4E394A2C1}.Release|ARM.ActiveCfg = Release|Any CPU
		{D87C9A01-EF05-459F-9C61-C9E4E394A2C1}.Release|ARM.Build.0 = Release|Any CPU
		{D87C9A01-EF05-459F-9C61-C9E4E394A2C1}.Release|x86.ActiveCfg = Release|Any CPU
		{D87C9A01-EF05-459F-9C61-C9E4E394A2C1}.Release|x86.Build.0 = Release|Any CPU
		{B88C8141-F993-4114-BB8A-A40F8E716059}.Debug|Any CPU.ActiveCfg = Debug|Any CPU
		{B88C8141-F993-4114-BB8A-A40F8E716059}.Debug|Any CPU.Build.0 = Debug|Any CPU
		{B88C8141-F993-4114-BB8A-A40F8E716059}.Debug|ARM.ActiveCfg = Debug|Any CPU
		{B88C8141-F993-4114-BB8A-A40F8E716059}.Debug|ARM.Build.0 = Debug|Any CPU
		{B88C8141-F993-4114-BB8A-A40F8E716059}.Debug|x86.ActiveCfg = Debug|Any CPU
		{B88C8141-F993-4114-BB8A-A40F8E716059}.Debug|x86.Build.0 = Debug|Any CPU
		{B88C8141-F993-4114-BB8A-A40F8E716059}.Pro-Es|Any CPU.ActiveCfg = Release|Any CPU
		{B88C8141-F993-4114-BB8A-A40F8E716059}.Pro-Es|Any CPU.Build.0 = Release|Any CPU
		{B88C8141-F993-4114-BB8A-A40F8E716059}.Pro-Es|ARM.ActiveCfg = Release|Any CPU
		{B88C8141-F993-4114-BB8A-A40F8E716059}.Pro-Es|ARM.Build.0 = Release|Any CPU
		{B88C8141-F993-4114-BB8A-A40F8E716059}.Pro-Es|x86.ActiveCfg = Release|Any CPU
		{B88C8141-F993-4114-BB8A-A40F8E716059}.Pro-Es|x86.Build.0 = Release|Any CPU
		{B88C8141-F993-4114-BB8A-A40F8E716059}.Release|Any CPU.ActiveCfg = Release|Any CPU
		{B88C8141-F993-4114-BB8A-A40F8E716059}.Release|Any CPU.Build.0 = Release|Any CPU
		{B88C8141-F993-4114-BB8A-A40F8E716059}.Release|ARM.ActiveCfg = Release|Any CPU
		{B88C8141-F993-4114-BB8A-A40F8E716059}.Release|ARM.Build.0 = Release|Any CPU
		{B88C8141-F993-4114-BB8A-A40F8E716059}.Release|x86.ActiveCfg = Release|Any CPU
		{B88C8141-F993-4114-BB8A-A40F8E716059}.Release|x86.Build.0 = Release|Any CPU
		{682357EC-6A68-4069-A9C3-A158939355B2}.Debug|Any CPU.ActiveCfg = Debug|Any CPU
		{682357EC-6A68-4069-A9C3-A158939355B2}.Debug|Any CPU.Build.0 = Debug|Any CPU
		{682357EC-6A68-4069-A9C3-A158939355B2}.Debug|ARM.ActiveCfg = Debug|Any CPU
		{682357EC-6A68-4069-A9C3-A158939355B2}.Debug|ARM.Build.0 = Debug|Any CPU
		{682357EC-6A68-4069-A9C3-A158939355B2}.Debug|x86.ActiveCfg = Debug|Any CPU
		{682357EC-6A68-4069-A9C3-A158939355B2}.Debug|x86.Build.0 = Debug|Any CPU
		{682357EC-6A68-4069-A9C3-A158939355B2}.Pro-Es|Any CPU.ActiveCfg = Release|Any CPU
		{682357EC-6A68-4069-A9C3-A158939355B2}.Pro-Es|Any CPU.Build.0 = Release|Any CPU
		{682357EC-6A68-4069-A9C3-A158939355B2}.Pro-Es|ARM.ActiveCfg = Release|Any CPU
		{682357EC-6A68-4069-A9C3-A158939355B2}.Pro-Es|ARM.Build.0 = Release|Any CPU
		{682357EC-6A68-4069-A9C3-A158939355B2}.Pro-Es|x86.ActiveCfg = Release|Any CPU
		{682357EC-6A68-4069-A9C3-A158939355B2}.Pro-Es|x86.Build.0 = Release|Any CPU
		{682357EC-6A68-4069-A9C3-A158939355B2}.Release|Any CPU.ActiveCfg = Release|Any CPU
		{682357EC-6A68-4069-A9C3-A158939355B2}.Release|Any CPU.Build.0 = Release|Any CPU
		{682357EC-6A68-4069-A9C3-A158939355B2}.Release|ARM.ActiveCfg = Release|Any CPU
		{682357EC-6A68-4069-A9C3-A158939355B2}.Release|ARM.Build.0 = Release|Any CPU
		{682357EC-6A68-4069-A9C3-A158939355B2}.Release|x86.ActiveCfg = Release|Any CPU
		{682357EC-6A68-4069-A9C3-A158939355B2}.Release|x86.Build.0 = Release|Any CPU
		{BE0E55F5-327A-4B7D-B9CF-3BC8CE03EEE2}.Debug|Any CPU.ActiveCfg = Debug|Any CPU
		{BE0E55F5-327A-4B7D-B9CF-3BC8CE03EEE2}.Debug|Any CPU.Build.0 = Debug|Any CPU
		{BE0E55F5-327A-4B7D-B9CF-3BC8CE03EEE2}.Debug|ARM.ActiveCfg = Debug|Any CPU
		{BE0E55F5-327A-4B7D-B9CF-3BC8CE03EEE2}.Debug|ARM.Build.0 = Debug|Any CPU
		{BE0E55F5-327A-4B7D-B9CF-3BC8CE03EEE2}.Debug|x86.ActiveCfg = Debug|Any CPU
		{BE0E55F5-327A-4B7D-B9CF-3BC8CE03EEE2}.Debug|x86.Build.0 = Debug|Any CPU
		{BE0E55F5-327A-4B7D-B9CF-3BC8CE03EEE2}.Pro-Es|Any CPU.ActiveCfg = Release|Any CPU
		{BE0E55F5-327A-4B7D-B9CF-3BC8CE03EEE2}.Pro-Es|Any CPU.Build.0 = Release|Any CPU
		{BE0E55F5-327A-4B7D-B9CF-3BC8CE03EEE2}.Pro-Es|ARM.ActiveCfg = Release|Any CPU
		{BE0E55F5-327A-4B7D-B9CF-3BC8CE03EEE2}.Pro-Es|ARM.Build.0 = Release|Any CPU
		{BE0E55F5-327A-4B7D-B9CF-3BC8CE03EEE2}.Pro-Es|x86.ActiveCfg = Release|Any CPU
		{BE0E55F5-327A-4B7D-B9CF-3BC8CE03EEE2}.Pro-Es|x86.Build.0 = Release|Any CPU
		{BE0E55F5-327A-4B7D-B9CF-3BC8CE03EEE2}.Release|Any CPU.ActiveCfg = Release|Any CPU
		{BE0E55F5-327A-4B7D-B9CF-3BC8CE03EEE2}.Release|Any CPU.Build.0 = Release|Any CPU
		{BE0E55F5-327A-4B7D-B9CF-3BC8CE03EEE2}.Release|ARM.ActiveCfg = Release|Any CPU
		{BE0E55F5-327A-4B7D-B9CF-3BC8CE03EEE2}.Release|ARM.Build.0 = Release|Any CPU
		{BE0E55F5-327A-4B7D-B9CF-3BC8CE03EEE2}.Release|x86.ActiveCfg = Release|Any CPU
		{BE0E55F5-327A-4B7D-B9CF-3BC8CE03EEE2}.Release|x86.Build.0 = Release|Any CPU
		{BEA02793-80EA-4BAC-927A-EC822E5ED4EC}.Debug|Any CPU.ActiveCfg = Debug|Any CPU
		{BEA02793-80EA-4BAC-927A-EC822E5ED4EC}.Debug|Any CPU.Build.0 = Debug|Any CPU
		{BEA02793-80EA-4BAC-927A-EC822E5ED4EC}.Debug|ARM.ActiveCfg = Debug|Any CPU
		{BEA02793-80EA-4BAC-927A-EC822E5ED4EC}.Debug|ARM.Build.0 = Debug|Any CPU
		{BEA02793-80EA-4BAC-927A-EC822E5ED4EC}.Debug|x86.ActiveCfg = Debug|Any CPU
		{BEA02793-80EA-4BAC-927A-EC822E5ED4EC}.Debug|x86.Build.0 = Debug|Any CPU
		{BEA02793-80EA-4BAC-927A-EC822E5ED4EC}.Pro-Es|Any CPU.ActiveCfg = Release|Any CPU
		{BEA02793-80EA-4BAC-927A-EC822E5ED4EC}.Pro-Es|Any CPU.Build.0 = Release|Any CPU
		{BEA02793-80EA-4BAC-927A-EC822E5ED4EC}.Pro-Es|ARM.ActiveCfg = Release|Any CPU
		{BEA02793-80EA-4BAC-927A-EC822E5ED4EC}.Pro-Es|ARM.Build.0 = Release|Any CPU
		{BEA02793-80EA-4BAC-927A-EC822E5ED4EC}.Pro-Es|x86.ActiveCfg = Release|Any CPU
		{BEA02793-80EA-4BAC-927A-EC822E5ED4EC}.Pro-Es|x86.Build.0 = Release|Any CPU
		{BEA02793-80EA-4BAC-927A-EC822E5ED4EC}.Release|Any CPU.ActiveCfg = Release|Any CPU
		{BEA02793-80EA-4BAC-927A-EC822E5ED4EC}.Release|Any CPU.Build.0 = Release|Any CPU
		{BEA02793-80EA-4BAC-927A-EC822E5ED4EC}.Release|ARM.ActiveCfg = Release|Any CPU
		{BEA02793-80EA-4BAC-927A-EC822E5ED4EC}.Release|ARM.Build.0 = Release|Any CPU
		{BEA02793-80EA-4BAC-927A-EC822E5ED4EC}.Release|x86.ActiveCfg = Release|Any CPU
		{BEA02793-80EA-4BAC-927A-EC822E5ED4EC}.Release|x86.Build.0 = Release|Any CPU
		{8E4CAB11-C68D-4472-BD69-EFDA95E9327F}.Debug|Any CPU.ActiveCfg = Debug|Any CPU
		{8E4CAB11-C68D-4472-BD69-EFDA95E9327F}.Debug|Any CPU.Build.0 = Debug|Any CPU
		{8E4CAB11-C68D-4472-BD69-EFDA95E9327F}.Debug|ARM.ActiveCfg = Debug|Any CPU
		{8E4CAB11-C68D-4472-BD69-EFDA95E9327F}.Debug|ARM.Build.0 = Debug|Any CPU
		{8E4CAB11-C68D-4472-BD69-EFDA95E9327F}.Debug|x86.ActiveCfg = Debug|Any CPU
		{8E4CAB11-C68D-4472-BD69-EFDA95E9327F}.Debug|x86.Build.0 = Debug|Any CPU
		{8E4CAB11-C68D-4472-BD69-EFDA95E9327F}.Pro-Es|Any CPU.ActiveCfg = Release|Any CPU
		{8E4CAB11-C68D-4472-BD69-EFDA95E9327F}.Pro-Es|Any CPU.Build.0 = Release|Any CPU
		{8E4CAB11-C68D-4472-BD69-EFDA95E9327F}.Pro-Es|ARM.ActiveCfg = Release|Any CPU
		{8E4CAB11-C68D-4472-BD69-EFDA95E9327F}.Pro-Es|ARM.Build.0 = Release|Any CPU
		{8E4CAB11-C68D-4472-BD69-EFDA95E9327F}.Pro-Es|x86.ActiveCfg = Release|Any CPU
		{8E4CAB11-C68D-4472-BD69-EFDA95E9327F}.Pro-Es|x86.Build.0 = Release|Any CPU
		{8E4CAB11-C68D-4472-BD69-EFDA95E9327F}.Release|Any CPU.ActiveCfg = Release|Any CPU
		{8E4CAB11-C68D-4472-BD69-EFDA95E9327F}.Release|Any CPU.Build.0 = Release|Any CPU
		{8E4CAB11-C68D-4472-BD69-EFDA95E9327F}.Release|ARM.ActiveCfg = Release|Any CPU
		{8E4CAB11-C68D-4472-BD69-EFDA95E9327F}.Release|ARM.Build.0 = Release|Any CPU
		{8E4CAB11-C68D-4472-BD69-EFDA95E9327F}.Release|x86.ActiveCfg = Release|Any CPU
		{8E4CAB11-C68D-4472-BD69-EFDA95E9327F}.Release|x86.Build.0 = Release|Any CPU
		{CF2A324F-8531-4670-ABA6-9E03781A27DC}.Debug|Any CPU.ActiveCfg = Debug|Any CPU
		{CF2A324F-8531-4670-ABA6-9E03781A27DC}.Debug|Any CPU.Build.0 = Debug|Any CPU
		{CF2A324F-8531-4670-ABA6-9E03781A27DC}.Debug|ARM.ActiveCfg = Debug|Any CPU
		{CF2A324F-8531-4670-ABA6-9E03781A27DC}.Debug|ARM.Build.0 = Debug|Any CPU
		{CF2A324F-8531-4670-ABA6-9E03781A27DC}.Debug|x86.ActiveCfg = Debug|Any CPU
		{CF2A324F-8531-4670-ABA6-9E03781A27DC}.Debug|x86.Build.0 = Debug|Any CPU
		{CF2A324F-8531-4670-ABA6-9E03781A27DC}.Pro-Es|Any CPU.ActiveCfg = Release|Any CPU
		{CF2A324F-8531-4670-ABA6-9E03781A27DC}.Pro-Es|Any CPU.Build.0 = Release|Any CPU
		{CF2A324F-8531-4670-ABA6-9E03781A27DC}.Pro-Es|ARM.ActiveCfg = Release|Any CPU
		{CF2A324F-8531-4670-ABA6-9E03781A27DC}.Pro-Es|ARM.Build.0 = Release|Any CPU
		{CF2A324F-8531-4670-ABA6-9E03781A27DC}.Pro-Es|x86.ActiveCfg = Release|Any CPU
		{CF2A324F-8531-4670-ABA6-9E03781A27DC}.Pro-Es|x86.Build.0 = Release|Any CPU
		{CF2A324F-8531-4670-ABA6-9E03781A27DC}.Release|Any CPU.ActiveCfg = Release|Any CPU
		{CF2A324F-8531-4670-ABA6-9E03781A27DC}.Release|Any CPU.Build.0 = Release|Any CPU
		{CF2A324F-8531-4670-ABA6-9E03781A27DC}.Release|ARM.ActiveCfg = Release|Any CPU
		{CF2A324F-8531-4670-ABA6-9E03781A27DC}.Release|ARM.Build.0 = Release|Any CPU
		{CF2A324F-8531-4670-ABA6-9E03781A27DC}.Release|x86.ActiveCfg = Release|Any CPU
		{CF2A324F-8531-4670-ABA6-9E03781A27DC}.Release|x86.Build.0 = Release|Any CPU
		{1ED96099-BF12-4F22-BEFE-198D96B3D48B}.Debug|Any CPU.ActiveCfg = Debug|Any CPU
		{1ED96099-BF12-4F22-BEFE-198D96B3D48B}.Debug|Any CPU.Build.0 = Debug|Any CPU
		{1ED96099-BF12-4F22-BEFE-198D96B3D48B}.Debug|ARM.ActiveCfg = Debug|Any CPU
		{1ED96099-BF12-4F22-BEFE-198D96B3D48B}.Debug|ARM.Build.0 = Debug|Any CPU
		{1ED96099-BF12-4F22-BEFE-198D96B3D48B}.Debug|x86.ActiveCfg = Debug|Any CPU
		{1ED96099-BF12-4F22-BEFE-198D96B3D48B}.Debug|x86.Build.0 = Debug|Any CPU
		{1ED96099-BF12-4F22-BEFE-198D96B3D48B}.Pro-Es|Any CPU.ActiveCfg = Pro-Es|Any CPU
		{1ED96099-BF12-4F22-BEFE-198D96B3D48B}.Pro-Es|Any CPU.Build.0 = Pro-Es|Any CPU
		{1ED96099-BF12-4F22-BEFE-198D96B3D48B}.Pro-Es|ARM.ActiveCfg = Pro-Es|Any CPU
		{1ED96099-BF12-4F22-BEFE-198D96B3D48B}.Pro-Es|ARM.Build.0 = Pro-Es|Any CPU
		{1ED96099-BF12-4F22-BEFE-198D96B3D48B}.Pro-Es|x86.ActiveCfg = Pro-Es|Any CPU
		{1ED96099-BF12-4F22-BEFE-198D96B3D48B}.Pro-Es|x86.Build.0 = Pro-Es|Any CPU
		{1ED96099-BF12-4F22-BEFE-198D96B3D48B}.Release|Any CPU.ActiveCfg = Release|Any CPU
		{1ED96099-BF12-4F22-BEFE-198D96B3D48B}.Release|Any CPU.Build.0 = Release|Any CPU
		{1ED96099-BF12-4F22-BEFE-198D96B3D48B}.Release|ARM.ActiveCfg = Release|Any CPU
		{1ED96099-BF12-4F22-BEFE-198D96B3D48B}.Release|ARM.Build.0 = Release|Any CPU
		{1ED96099-BF12-4F22-BEFE-198D96B3D48B}.Release|x86.ActiveCfg = Release|Any CPU
		{1ED96099-BF12-4F22-BEFE-198D96B3D48B}.Release|x86.Build.0 = Release|Any CPU
	EndGlobalSection
	GlobalSection(SolutionProperties) = preSolution
		HideSolutionNode = FALSE
	EndGlobalSection
	GlobalSection(NestedProjects) = preSolution
		{F94D8685-33EC-4FCF-A3CA-60CC3D43C022} = {BBEBB318-498C-4C89-958C-025D95421340}
		{D87C9A01-EF05-459F-9C61-C9E4E394A2C1} = {4D0CBC73-132A-43EA-A21E-7ECC866050C7}
		{B88C8141-F993-4114-BB8A-A40F8E716059} = {1F86C6A9-22D7-406F-88C9-C435A398AA78}
		{682357EC-6A68-4069-A9C3-A158939355B2} = {1F86C6A9-22D7-406F-88C9-C435A398AA78}
		{BE0E55F5-327A-4B7D-B9CF-3BC8CE03EEE2} = {912FC5CE-4ADE-4614-93A3-6ECA704ACE15}
		{BEA02793-80EA-4BAC-927A-EC822E5ED4EC} = {912FC5CE-4ADE-4614-93A3-6ECA704ACE15}
		{8E4CAB11-C68D-4472-BD69-EFDA95E9327F} = {1474276D-213B-4A57-BF78-33C0126491EC}
		{CF2A324F-8531-4670-ABA6-9E03781A27DC} = {1474276D-213B-4A57-BF78-33C0126491EC}
		{1ED96099-BF12-4F22-BEFE-198D96B3D48B} = {0B046209-E6EA-400A-A15F-7CDCE7125553}
	EndGlobalSection
EndGlobal
